
Microsoft Visual Studio Solution File, Format Version 12.00
# Visual Studio Version 17
VisualStudioVersion = 17.12.35521.163
MinimumVisualStudioVersion = 10.0.40219.1
Project("{FAE04EC0-301F-11D3-BF4B-00C04F79EFBC}") = "RobotInterfaceBIECHE", "RobotInterfaceBIECHE\RobotInterfaceBIECHE.csproj", "{4E0EE741-A468-4F1C-8842-DDCB5AD1234C}"
EndProject
Project("{FAE04EC0-301F-11D3-BF4B-00C04F79EFBC}") = "ExtendedSerialPort", "..\..\ExtendedSerialPort .NET6\ExtendedSerialPort\ExtendedSerialPort\ExtendedSerialPort.csproj", "{3132D98A-87C0-4E7B-9DB1-0E109DFC622D}"
EndProject
Project("{2150E333-8FDC-42A3-9474-1A3956D46DE8}") = "Éléments de solution", "Éléments de solution", "{351AFAEA-295C-4023-8DCF-0669C9EA15B1}"
EndProject
Global
	GlobalSection(SolutionConfigurationPlatforms) = preSolution
		Debug|Any CPU = Debug|Any CPU
		Release|Any CPU = Release|Any CPU
	EndGlobalSection
	GlobalSection(ProjectConfigurationPlatforms) = postSolution
		{4E0EE741-A468-4F1C-8842-DDCB5AD1234C}.Debug|Any CPU.ActiveCfg = Debug|Any CPU
		{4E0EE741-A468-4F1C-8842-DDCB5AD1234C}.Debug|Any CPU.Build.0 = Debug|Any CPU
		{4E0EE741-A468-4F1C-8842-DDCB5AD1234C}.Release|Any CPU.ActiveCfg = Release|Any CPU
		{4E0EE741-A468-4F1C-8842-DDCB5AD1234C}.Release|Any CPU.Build.0 = Release|Any CPU
		{3132D98A-87C0-4E7B-9DB1-0E109DFC622D}.Debug|Any CPU.ActiveCfg = Debug|Any CPU
		{3132D98A-87C0-4E7B-9DB1-0E109DFC622D}.Debug|Any CPU.Build.0 = Debug|Any CPU
		{3132D98A-87C0-4E7B-9DB1-0E109DFC622D}.Release|Any CPU.ActiveCfg = Release|Any CPU
		{3132D98A-87C0-4E7B-9DB1-0E109DFC622D}.Release|Any CPU.Build.0 = Release|Any CPU
	EndGlobalSection
	GlobalSection(SolutionProperties) = preSolution
		HideSolutionNode = FALSE
	EndGlobalSection
EndGlobal
